github.com/hajimehoshi/oto/v2 v2.1.0 h1:/h+UkbKzhD7xBHOQlWgKUplBPZ+J4DK3P2Y7g2UF1X4=
github.com/hajimehoshi/oto/v2 v2.1.0/go.mod h1:9i0oYbpJ8BhVGkXDKdXKfFthX1JUNfXjeTp944W8TGM=
golang.org/x/sys v0.0.0-20220408201424-a24fb2fb8a0f h1:8w7RhxzTVgUzw/AH/9mUV5q0vMgy40SQRursCcfmkCw=
golang.org/x/sys v0.0.0-20220408201424-a24fb2fb8a0f/go.mod h1:oPkhp1MJrh7nUepCBck5+mAzfO9JrbApNNgaTdGDITg=
